
Microsoft Visual Studio Solution File, Format Version 12.00
# Visual Studio 15
VisualStudioVersion = 15.0.26228.4
MinimumVisualStudioVersion = 10.0.40219.1
Project("{2150E333-8FDC-42A3-9474-1A3956D46DE8}") = "Solution Items", "Solution Items", "{BAD806C1-C0B2-4896-9BA6-6586353BEEE6}"
EndProject
Project("{9A19103F-16F7-4668-BE54-9A1E7A4F7556}") = "SiteA", "SiteA\SiteA.csproj", "{62A3ADC4-8795-47BF-A7E5-16BF2E3ABF56}"
EndProject
Project("{9A19103F-16F7-4668-BE54-9A1E7A4F7556}") = "SiteB", "SiteB\SiteB.csproj", "{CF1D477B-6BC6-4C4F-968A-775F185EBAEC}"
EndProject
Project("{FAE04EC0-301F-11D3-BF4B-00C04F79EFBC}") = "SiteC", "SiteC\SiteC.csproj", "{0754E2E7-049B-4865-95BF-BB32297934E4}"
EndProject
Project("{FAE04EC0-301F-11D3-BF4B-00C04F79EFBC}") = "WebApp2017", "WebApp2017\WebApp2017.csproj", "{F0A8C547-702D-4ED3-B6A8-6C009C07CAAF}"
EndProject
Project("{E53339B2-1760-4266-BCC7-CA923CBCF16C}") = "docker-compose", "docker-compose.dcproj", "{E0828796-8B00-4104-A982-01206416F037}"
EndProject
Project("{FAE04EC0-301F-11D3-BF4B-00C04F79EFBC}") = "AppWebView", "AppWebView\AppWebView.csproj", "{6E1FBD24-36C6-4FD0-85D8-B19FE45BE7E2}"
EndProject
Project("{D954291E-2A0B-460D-934E-DC6B0785DB48}") = "App1", "App1\App1\App1.shproj", "{DA2EC123-17CB-4456-9C9C-0CBD732109AC}"
EndProject
Project("{FAE04EC0-301F-11D3-BF4B-00C04F79EFBC}") = "App1.Android", "App1\App1.Android\App1.Android.csproj", "{CCB5489B-BE0C-4D85-A854-9DEF2160F77F}"
EndProject
Project("{FAE04EC0-301F-11D3-BF4B-00C04F79EFBC}") = "App1.iOS", "App1\App1.iOS\App1.iOS.csproj", "{15E6BFA0-357C-4314-BA9E-DC3B9E671630}"
EndProject
Project("{FAE04EC0-301F-11D3-BF4B-00C04F79EFBC}") = "App1.UWP", "App1\App1.UWP\App1.UWP.csproj", "{0D0BCCB9-F543-4A65-898E-9C1A187AB9FA}"
EndProject
Global
	GlobalSection(SharedMSBuildProjectFiles) = preSolution
		App1\App1\App1.projitems*{15e6bfa0-357c-4314-ba9e-dc3b9e671630}*SharedItemsImports = 4
		App1\App1\App1.projitems*{ccb5489b-be0c-4d85-a854-9def2160f77f}*SharedItemsImports = 4
		App1\App1\App1.projitems*{da2ec123-17cb-4456-9c9c-0cbd732109ac}*SharedItemsImports = 13
	EndGlobalSection
	GlobalSection(SolutionConfigurationPlatforms) = preSolution
		Ad-Hoc|Any CPU = Ad-Hoc|Any CPU
		Ad-Hoc|ARM = Ad-Hoc|ARM
		Ad-Hoc|iPhone = Ad-Hoc|iPhone
		Ad-Hoc|iPhoneSimulator = Ad-Hoc|iPhoneSimulator
		Ad-Hoc|x64 = Ad-Hoc|x64
		Ad-Hoc|x86 = Ad-Hoc|x86
		AppStore|Any CPU = AppStore|Any CPU
		AppStore|ARM = AppStore|ARM
		AppStore|iPhone = AppStore|iPhone
		AppStore|iPhoneSimulator = AppStore|iPhoneSimulator
		AppStore|x64 = AppStore|x64
		AppStore|x86 = AppStore|x86
		Debug|Any CPU = Debug|Any CPU
		Debug|ARM = Debug|ARM
		Debug|iPhone = Debug|iPhone
		Debug|iPhoneSimulator = Debug|iPhoneSimulator
		Debug|x64 = Debug|x64
		Debug|x86 = Debug|x86
		Release|Any CPU = Release|Any CPU
		Release|ARM = Release|ARM
		Release|iPhone = Release|iPhone
		Release|iPhoneSimulator = Release|iPhoneSimulator
		Release|x64 = Release|x64
		Release|x86 = Release|x86
	EndGlobalSection
	GlobalSection(ProjectConfigurationPlatforms) = postSolution
		{62A3ADC4-8795-47BF-A7E5-16BF2E3ABF56}.Ad-Hoc|Any CPU.ActiveCfg = Release|Any CPU
		{62A3ADC4-8795-47BF-A7E5-16BF2E3ABF56}.Ad-Hoc|Any CPU.Build.0 = Release|Any CPU
		{62A3ADC4-8795-47BF-A7E5-16BF2E3ABF56}.Ad-Hoc|ARM.ActiveCfg = Release|Any CPU
		{62A3ADC4-8795-47BF-A7E5-16BF2E3ABF56}.Ad-Hoc|ARM.Build.0 = Release|Any CPU
		{62A3ADC4-8795-47BF-A7E5-16BF2E3ABF56}.Ad-Hoc|iPhone.ActiveCfg = Release|Any CPU
		{62A3ADC4-8795-47BF-A7E5-16BF2E3ABF56}.Ad-Hoc|iPhone.Build.0 = Release|Any CPU
		{62A3ADC4-8795-47BF-A7E5-16BF2E3ABF56}.Ad-Hoc|iPhoneSimulator.ActiveCfg = Release|Any CPU
		{62A3ADC4-8795-47BF-A7E5-16BF2E3ABF56}.Ad-Hoc|iPhoneSimulator.Build.0 = Release|Any CPU
		{62A3ADC4-8795-47BF-A7E5-16BF2E3ABF56}.Ad-Hoc|x64.ActiveCfg = Release|Any CPU
		{62A3ADC4-8795-47BF-A7E5-16BF2E3ABF56}.Ad-Hoc|x64.Build.0 = Release|Any CPU
		{62A3ADC4-8795-47BF-A7E5-16BF2E3ABF56}.Ad-Hoc|x86.ActiveCfg = Release|Any CPU
		{62A3ADC4-8795-47BF-A7E5-16BF2E3ABF56}.Ad-Hoc|x86.Build.0 = Release|Any CPU
		{62A3ADC4-8795-47BF-A7E5-16BF2E3ABF56}.AppStore|Any CPU.ActiveCfg = Release|Any CPU
		{62A3ADC4-8795-47BF-A7E5-16BF2E3ABF56}.AppStore|Any CPU.Build.0 = Release|Any CPU
		{62A3ADC4-8795-47BF-A7E5-16BF2E3ABF56}.AppStore|ARM.ActiveCfg = Release|Any CPU
		{62A3ADC4-8795-47BF-A7E5-16BF2E3ABF56}.AppStore|ARM.Build.0 = Release|Any CPU
		{62A3ADC4-8795-47BF-A7E5-16BF2E3ABF56}.AppStore|iPhone.ActiveCfg = Release|Any CPU
		{62A3ADC4-8795-47BF-A7E5-16BF2E3ABF56}.AppStore|iPhone.Build.0 = Release|Any CPU
		{62A3ADC4-8795-47BF-A7E5-16BF2E3ABF56}.AppStore|iPhoneSimulator.ActiveCfg = Release|Any CPU
		{62A3ADC4-8795-47BF-A7E5-16BF2E3ABF56}.AppStore|iPhoneSimulator.Build.0 = Release|Any CPU
		{62A3ADC4-8795-47BF-A7E5-16BF2E3ABF56}.AppStore|x64.ActiveCfg = Release|Any CPU
		{62A3ADC4-8795-47BF-A7E5-16BF2E3ABF56}.AppStore|x64.Build.0 = Release|Any CPU
		{62A3ADC4-8795-47BF-A7E5-16BF2E3ABF56}.AppStore|x86.ActiveCfg = Release|Any CPU
		{62A3ADC4-8795-47BF-A7E5-16BF2E3ABF56}.AppStore|x86.Build.0 = Release|Any CPU
		{62A3ADC4-8795-47BF-A7E5-16BF2E3ABF56}.Debug|Any CPU.ActiveCfg = Debug|Any CPU
		{62A3ADC4-8795-47BF-A7E5-16BF2E3ABF56}.Debug|Any CPU.Build.0 = Debug|Any CPU
		{62A3ADC4-8795-47BF-A7E5-16BF2E3ABF56}.Debug|ARM.ActiveCfg = Debug|Any CPU
		{62A3ADC4-8795-47BF-A7E5-16BF2E3ABF56}.Debug|ARM.Build.0 = Debug|Any CPU
		{62A3ADC4-8795-47BF-A7E5-16BF2E3ABF56}.Debug|iPhone.ActiveCfg = Debug|Any CPU
		{62A3ADC4-8795-47BF-A7E5-16BF2E3ABF56}.Debug|iPhone.Build.0 = Debug|Any CPU
		{62A3ADC4-8795-47BF-A7E5-16BF2E3ABF56}.Debug|iPhoneSimulator.ActiveCfg = Debug|Any CPU
		{62A3ADC4-8795-47BF-A7E5-16BF2E3ABF56}.Debug|iPhoneSimulator.Build.0 = Debug|Any CPU
		{62A3ADC4-8795-47BF-A7E5-16BF2E3ABF56}.Debug|x64.ActiveCfg = Debug|Any CPU
		{62A3ADC4-8795-47BF-A7E5-16BF2E3ABF56}.Debug|x64.Build.0 = Debug|Any CPU
		{62A3ADC4-8795-47BF-A7E5-16BF2E3ABF56}.Debug|x86.ActiveCfg = Debug|Any CPU
		{62A3ADC4-8795-47BF-A7E5-16BF2E3ABF56}.Debug|x86.Build.0 = Debug|Any CPU
		{62A3ADC4-8795-47BF-A7E5-16BF2E3ABF56}.Release|Any CPU.ActiveCfg = Release|Any CPU
		{62A3ADC4-8795-47BF-A7E5-16BF2E3ABF56}.Release|Any CPU.Build.0 = Release|Any CPU
		{62A3ADC4-8795-47BF-A7E5-16BF2E3ABF56}.Release|ARM.ActiveCfg = Release|Any CPU
		{62A3ADC4-8795-47BF-A7E5-16BF2E3ABF56}.Release|ARM.Build.0 = Release|Any CPU
		{62A3ADC4-8795-47BF-A7E5-16BF2E3ABF56}.Release|iPhone.ActiveCfg = Release|Any CPU
		{62A3ADC4-8795-47BF-A7E5-16BF2E3ABF56}.Release|iPhone.Build.0 = Release|Any CPU
		{62A3ADC4-8795-47BF-A7E5-16BF2E3ABF56}.Release|iPhoneSimulator.ActiveCfg = Release|Any CPU
		{62A3ADC4-8795-47BF-A7E5-16BF2E3ABF56}.Release|iPhoneSimulator.Build.0 = Release|Any CPU
		{62A3ADC4-8795-47BF-A7E5-16BF2E3ABF56}.Release|x64.ActiveCfg = Release|Any CPU
		{62A3ADC4-8795-47BF-A7E5-16BF2E3ABF56}.Release|x64.Build.0 = Release|Any CPU
		{62A3ADC4-8795-47BF-A7E5-16BF2E3ABF56}.Release|x86.ActiveCfg = Release|Any CPU
		{62A3ADC4-8795-47BF-A7E5-16BF2E3ABF56}.Release|x86.Build.0 = Release|Any CPU
		{CF1D477B-6BC6-4C4F-968A-775F185EBAEC}.Ad-Hoc|Any CPU.ActiveCfg = Release|Any CPU
		{CF1D477B-6BC6-4C4F-968A-775F185EBAEC}.Ad-Hoc|Any CPU.Build.0 = Release|Any CPU
		{CF1D477B-6BC6-4C4F-968A-775F185EBAEC}.Ad-Hoc|ARM.ActiveCfg = Release|Any CPU
		{CF1D477B-6BC6-4C4F-968A-775F185EBAEC}.Ad-Hoc|ARM.Build.0 = Release|Any CPU
		{CF1D477B-6BC6-4C4F-968A-775F185EBAEC}.Ad-Hoc|iPhone.ActiveCfg = Release|Any CPU
		{CF1D477B-6BC6-4C4F-968A-775F185EBAEC}.Ad-Hoc|iPhone.Build.0 = Release|Any CPU
		{CF1D477B-6BC6-4C4F-968A-775F185EBAEC}.Ad-Hoc|iPhoneSimulator.ActiveCfg = Release|Any CPU
		{CF1D477B-6BC6-4C4F-968A-775F185EBAEC}.Ad-Hoc|iPhoneSimulator.Build.0 = Release|Any CPU
		{CF1D477B-6BC6-4C4F-968A-775F185EBAEC}.Ad-Hoc|x64.ActiveCfg = Release|Any CPU
		{CF1D477B-6BC6-4C4F-968A-775F185EBAEC}.Ad-Hoc|x64.Build.0 = Release|Any CPU
		{CF1D477B-6BC6-4C4F-968A-775F185EBAEC}.Ad-Hoc|x86.ActiveCfg = Release|Any CPU
		{CF1D477B-6BC6-4C4F-968A-775F185EBAEC}.Ad-Hoc|x86.Build.0 = Release|Any CPU
		{CF1D477B-6BC6-4C4F-968A-775F185EBAEC}.AppStore|Any CPU.ActiveCfg = Release|Any CPU
		{CF1D477B-6BC6-4C4F-968A-775F185EBAEC}.AppStore|Any CPU.Build.0 = Release|Any CPU
		{CF1D477B-6BC6-4C4F-968A-775F185EBAEC}.AppStore|ARM.ActiveCfg = Release|Any CPU
		{CF1D477B-6BC6-4C4F-968A-775F185EBAEC}.AppStore|ARM.Build.0 = Release|Any CPU
		{CF1D477B-6BC6-4C4F-968A-775F185EBAEC}.AppStore|iPhone.ActiveCfg = Release|Any CPU
		{CF1D477B-6BC6-4C4F-968A-775F185EBAEC}.AppStore|iPhone.Build.0 = Release|Any CPU
		{CF1D477B-6BC6-4C4F-968A-775F185EBAEC}.AppStore|iPhoneSimulator.ActiveCfg = Release|Any CPU
		{CF1D477B-6BC6-4C4F-968A-775F185EBAEC}.AppStore|iPhoneSimulator.Build.0 = Release|Any CPU
		{CF1D477B-6BC6-4C4F-968A-775F185EBAEC}.AppStore|x64.ActiveCfg = Release|Any CPU
		{CF1D477B-6BC6-4C4F-968A-775F185EBAEC}.AppStore|x64.Build.0 = Release|Any CPU
		{CF1D477B-6BC6-4C4F-968A-775F185EBAEC}.AppStore|x86.ActiveCfg = Release|Any CPU
		{CF1D477B-6BC6-4C4F-968A-775F185EBAEC}.AppStore|x86.Build.0 = Release|Any CPU
		{CF1D477B-6BC6-4C4F-968A-775F185EBAEC}.Debug|Any CPU.ActiveCfg = Debug|Any CPU
		{CF1D477B-6BC6-4C4F-968A-775F185EBAEC}.Debug|Any CPU.Build.0 = Debug|Any CPU
		{CF1D477B-6BC6-4C4F-968A-775F185EBAEC}.Debug|ARM.ActiveCfg = Debug|Any CPU
		{CF1D477B-6BC6-4C4F-968A-775F185EBAEC}.Debug|ARM.Build.0 = Debug|Any CPU
		{CF1D477B-6BC6-4C4F-968A-775F185EBAEC}.Debug|iPhone.ActiveCfg = Debug|Any CPU
		{CF1D477B-6BC6-4C4F-968A-775F185EBAEC}.Debug|iPhone.Build.0 = Debug|Any CPU
		{CF1D477B-6BC6-4C4F-968A-775F185EBAEC}.Debug|iPhoneSimulator.ActiveCfg = Debug|Any CPU
		{CF1D477B-6BC6-4C4F-968A-775F185EBAEC}.Debug|iPhoneSimulator.Build.0 = Debug|Any CPU
		{CF1D477B-6BC6-4C4F-968A-775F185EBAEC}.Debug|x64.ActiveCfg = Debug|Any CPU
		{CF1D477B-6BC6-4C4F-968A-775F185EBAEC}.Debug|x64.Build.0 = Debug|Any CPU
		{CF1D477B-6BC6-4C4F-968A-775F185EBAEC}.Debug|x86.ActiveCfg = Debug|Any CPU
		{CF1D477B-6BC6-4C4F-968A-775F185EBAEC}.Debug|x86.Build.0 = Debug|Any CPU
		{CF1D477B-6BC6-4C4F-968A-775F185EBAEC}.Release|Any CPU.ActiveCfg = Release|Any CPU
		{CF1D477B-6BC6-4C4F-968A-775F185EBAEC}.Release|Any CPU.Build.0 = Release|Any CPU
		{CF1D477B-6BC6-4C4F-968A-775F185EBAEC}.Release|ARM.ActiveCfg = Release|Any CPU
		{CF1D477B-6BC6-4C4F-968A-775F185EBAEC}.Release|ARM.Build.0 = Release|Any CPU
		{CF1D477B-6BC6-4C4F-968A-775F185EBAEC}.Release|iPhone.ActiveCfg = Release|Any CPU
		{CF1D477B-6BC6-4C4F-968A-775F185EBAEC}.Release|iPhone.Build.0 = Release|Any CPU
		{CF1D477B-6BC6-4C4F-968A-775F185EBAEC}.Release|iPhoneSimulator.ActiveCfg = Release|Any CPU
		{CF1D477B-6BC6-4C4F-968A-775F185EBAEC}.Release|iPhoneSimulator.Build.0 = Release|Any CPU
		{CF1D477B-6BC6-4C4F-968A-775F185EBAEC}.Release|x64.ActiveCfg = Release|Any CPU
		{CF1D477B-6BC6-4C4F-968A-775F185EBAEC}.Release|x64.Build.0 = Release|Any CPU
		{CF1D477B-6BC6-4C4F-968A-775F185EBAEC}.Release|x86.ActiveCfg = Release|Any CPU
		{CF1D477B-6BC6-4C4F-968A-775F185EBAEC}.Release|x86.Build.0 = Release|Any CPU
		{0754E2E7-049B-4865-95BF-BB32297934E4}.Ad-Hoc|Any CPU.ActiveCfg = Release|Any CPU
		{0754E2E7-049B-4865-95BF-BB32297934E4}.Ad-Hoc|Any CPU.Build.0 = Release|Any CPU
		{0754E2E7-049B-4865-95BF-BB32297934E4}.Ad-Hoc|ARM.ActiveCfg = Release|Any CPU
		{0754E2E7-049B-4865-95BF-BB32297934E4}.Ad-Hoc|ARM.Build.0 = Release|Any CPU
		{0754E2E7-049B-4865-95BF-BB32297934E4}.Ad-Hoc|iPhone.ActiveCfg = Release|Any CPU
		{0754E2E7-049B-4865-95BF-BB32297934E4}.Ad-Hoc|iPhone.Build.0 = Release|Any CPU
		{0754E2E7-049B-4865-95BF-BB32297934E4}.Ad-Hoc|iPhoneSimulator.ActiveCfg = Release|Any CPU
		{0754E2E7-049B-4865-95BF-BB32297934E4}.Ad-Hoc|iPhoneSimulator.Build.0 = Release|Any CPU
		{0754E2E7-049B-4865-95BF-BB32297934E4}.Ad-Hoc|x64.ActiveCfg = Release|Any CPU
		{0754E2E7-049B-4865-95BF-BB32297934E4}.Ad-Hoc|x64.Build.0 = Release|Any CPU
		{0754E2E7-049B-4865-95BF-BB32297934E4}.Ad-Hoc|x86.ActiveCfg = Release|Any CPU
		{0754E2E7-049B-4865-95BF-BB32297934E4}.Ad-Hoc|x86.Build.0 = Release|Any CPU
		{0754E2E7-049B-4865-95BF-BB32297934E4}.AppStore|Any CPU.ActiveCfg = Release|Any CPU
		{0754E2E7-049B-4865-95BF-BB32297934E4}.AppStore|Any CPU.Build.0 = Release|Any CPU
		{0754E2E7-049B-4865-95BF-BB32297934E4}.AppStore|ARM.ActiveCfg = Release|Any CPU
		{0754E2E7-049B-4865-95BF-BB32297934E4}.AppStore|ARM.Build.0 = Release|Any CPU
		{0754E2E7-049B-4865-95BF-BB32297934E4}.AppStore|iPhone.ActiveCfg = Release|Any CPU
		{0754E2E7-049B-4865-95BF-BB32297934E4}.AppStore|iPhone.Build.0 = Release|Any CPU
		{0754E2E7-049B-4865-95BF-BB32297934E4}.AppStore|iPhoneSimulator.ActiveCfg = Release|Any CPU
		{0754E2E7-049B-4865-95BF-BB32297934E4}.AppStore|iPhoneSimulator.Build.0 = Release|Any CPU
		{0754E2E7-049B-4865-95BF-BB32297934E4}.AppStore|x64.ActiveCfg = Release|Any CPU
		{0754E2E7-049B-4865-95BF-BB32297934E4}.AppStore|x64.Build.0 = Release|Any CPU
		{0754E2E7-049B-4865-95BF-BB32297934E4}.AppStore|x86.ActiveCfg = Release|Any CPU
		{0754E2E7-049B-4865-95BF-BB32297934E4}.AppStore|x86.Build.0 = Release|Any CPU
		{0754E2E7-049B-4865-95BF-BB32297934E4}.Debug|Any CPU.ActiveCfg = Debug|Any CPU
		{0754E2E7-049B-4865-95BF-BB32297934E4}.Debug|Any CPU.Build.0 = Debug|Any CPU
		{0754E2E7-049B-4865-95BF-BB32297934E4}.Debug|ARM.ActiveCfg = Debug|Any CPU
		{0754E2E7-049B-4865-95BF-BB32297934E4}.Debug|ARM.Build.0 = Debug|Any CPU
		{0754E2E7-049B-4865-95BF-BB32297934E4}.Debug|iPhone.ActiveCfg = Debug|Any CPU
		{0754E2E7-049B-4865-95BF-BB32297934E4}.Debug|iPhone.Build.0 = Debug|Any CPU
		{0754E2E7-049B-4865-95BF-BB32297934E4}.Debug|iPhoneSimulator.ActiveCfg = Debug|Any CPU
		{0754E2E7-049B-4865-95BF-BB32297934E4}.Debug|iPhoneSimulator.Build.0 = Debug|Any CPU
		{0754E2E7-049B-4865-95BF-BB32297934E4}.Debug|x64.ActiveCfg = Debug|Any CPU
		{0754E2E7-049B-4865-95BF-BB32297934E4}.Debug|x64.Build.0 = Debug|Any CPU
		{0754E2E7-049B-4865-95BF-BB32297934E4}.Debug|x86.ActiveCfg = Debug|Any CPU
		{0754E2E7-049B-4865-95BF-BB32297934E4}.Debug|x86.Build.0 = Debug|Any CPU
		{0754E2E7-049B-4865-95BF-BB32297934E4}.Release|Any CPU.ActiveCfg = Release|Any CPU
		{0754E2E7-049B-4865-95BF-BB32297934E4}.Release|Any CPU.Build.0 = Release|Any CPU
		{0754E2E7-049B-4865-95BF-BB32297934E4}.Release|ARM.ActiveCfg = Release|Any CPU
		{0754E2E7-049B-4865-95BF-BB32297934E4}.Release|ARM.Build.0 = Release|Any CPU
		{0754E2E7-049B-4865-95BF-BB32297934E4}.Release|iPhone.ActiveCfg = Release|Any CPU
		{0754E2E7-049B-4865-95BF-BB32297934E4}.Release|iPhone.Build.0 = Release|Any CPU
		{0754E2E7-049B-4865-95BF-BB32297934E4}.Release|iPhoneSimulator.ActiveCfg = Release|Any CPU
		{0754E2E7-049B-4865-95BF-BB32297934E4}.Release|iPhoneSimulator.Build.0 = Release|Any CPU
		{0754E2E7-049B-4865-95BF-BB32297934E4}.Release|x64.ActiveCfg = Release|Any CPU
		{0754E2E7-049B-4865-95BF-BB32297934E4}.Release|x64.Build.0 = Release|Any CPU
		{0754E2E7-049B-4865-95BF-BB32297934E4}.Release|x86.ActiveCfg = Release|Any CPU
		{0754E2E7-049B-4865-95BF-BB32297934E4}.Release|x86.Build.0 = Release|Any CPU
		{F0A8C547-702D-4ED3-B6A8-6C009C07CAAF}.Ad-Hoc|Any CPU.ActiveCfg = Release|Any CPU
		{F0A8C547-702D-4ED3-B6A8-6C009C07CAAF}.Ad-Hoc|Any CPU.Build.0 = Release|Any CPU
		{F0A8C547-702D-4ED3-B6A8-6C009C07CAAF}.Ad-Hoc|ARM.ActiveCfg = Release|Any CPU
		{F0A8C547-702D-4ED3-B6A8-6C009C07CAAF}.Ad-Hoc|ARM.Build.0 = Release|Any CPU
		{F0A8C547-702D-4ED3-B6A8-6C009C07CAAF}.Ad-Hoc|iPhone.ActiveCfg = Release|Any CPU
		{F0A8C547-702D-4ED3-B6A8-6C009C07CAAF}.Ad-Hoc|iPhone.Build.0 = Release|Any CPU
		{F0A8C547-702D-4ED3-B6A8-6C009C07CAAF}.Ad-Hoc|iPhoneSimulator.ActiveCfg = Release|Any CPU
		{F0A8C547-702D-4ED3-B6A8-6C009C07CAAF}.Ad-Hoc|iPhoneSimulator.Build.0 = Release|Any CPU
		{F0A8C547-702D-4ED3-B6A8-6C009C07CAAF}.Ad-Hoc|x64.ActiveCfg = Release|Any CPU
		{F0A8C547-702D-4ED3-B6A8-6C009C07CAAF}.Ad-Hoc|x64.Build.0 = Release|Any CPU
		{F0A8C547-702D-4ED3-B6A8-6C009C07CAAF}.Ad-Hoc|x86.ActiveCfg = Release|Any CPU
		{F0A8C547-702D-4ED3-B6A8-6C009C07CAAF}.Ad-Hoc|x86.Build.0 = Release|Any CPU
		{F0A8C547-702D-4ED3-B6A8-6C009C07CAAF}.AppStore|Any CPU.ActiveCfg = Release|Any CPU
		{F0A8C547-702D-4ED3-B6A8-6C009C07CAAF}.AppStore|Any CPU.Build.0 = Release|Any CPU
		{F0A8C547-702D-4ED3-B6A8-6C009C07CAAF}.AppStore|ARM.ActiveCfg = Release|Any CPU
		{F0A8C547-702D-4ED3-B6A8-6C009C07CAAF}.AppStore|ARM.Build.0 = Release|Any CPU
		{F0A8C547-702D-4ED3-B6A8-6C009C07CAAF}.AppStore|iPhone.ActiveCfg = Release|Any CPU
		{F0A8C547-702D-4ED3-B6A8-6C009C07CAAF}.AppStore|iPhone.Build.0 = Release|Any CPU
		{F0A8C547-702D-4ED3-B6A8-6C009C07CAAF}.AppStore|iPhoneSimulator.ActiveCfg = Release|Any CPU
		{F0A8C547-702D-4ED3-B6A8-6C009C07CAAF}.AppStore|iPhoneSimulator.Build.0 = Release|Any CPU
		{F0A8C547-702D-4ED3-B6A8-6C009C07CAAF}.AppStore|x64.ActiveCfg = Release|Any CPU
		{F0A8C547-702D-4ED3-B6A8-6C009C07CAAF}.AppStore|x64.Build.0 = Release|Any CPU
		{F0A8C547-702D-4ED3-B6A8-6C009C07CAAF}.AppStore|x86.ActiveCfg = Release|Any CPU
		{F0A8C547-702D-4ED3-B6A8-6C009C07CAAF}.AppStore|x86.Build.0 = Release|Any CPU
		{F0A8C547-702D-4ED3-B6A8-6C009C07CAAF}.Debug|Any CPU.ActiveCfg = Debug|Any CPU
		{F0A8C547-702D-4ED3-B6A8-6C009C07CAAF}.Debug|Any CPU.Build.0 = Debug|Any CPU
		{F0A8C547-702D-4ED3-B6A8-6C009C07CAAF}.Debug|ARM.ActiveCfg = Debug|Any CPU
		{F0A8C547-702D-4ED3-B6A8-6C009C07CAAF}.Debug|ARM.Build.0 = Debug|Any CPU
		{F0A8C547-702D-4ED3-B6A8-6C009C07CAAF}.Debug|iPhone.ActiveCfg = Debug|Any CPU
		{F0A8C547-702D-4ED3-B6A8-6C009C07CAAF}.Debug|iPhone.Build.0 = Debug|Any CPU
		{F0A8C547-702D-4ED3-B6A8-6C009C07CAAF}.Debug|iPhoneSimulator.ActiveCfg = Debug|Any CPU
		{F0A8C547-702D-4ED3-B6A8-6C009C07CAAF}.Debug|iPhoneSimulator.Build.0 = Debug|Any CPU
		{F0A8C547-702D-4ED3-B6A8-6C009C07CAAF}.Debug|x64.ActiveCfg = Debug|Any CPU
		{F0A8C547-702D-4ED3-B6A8-6C009C07CAAF}.Debug|x64.Build.0 = Debug|Any CPU
		{F0A8C547-702D-4ED3-B6A8-6C009C07CAAF}.Debug|x86.ActiveCfg = Debug|Any CPU
		{F0A8C547-702D-4ED3-B6A8-6C009C07CAAF}.Debug|x86.Build.0 = Debug|Any CPU
		{F0A8C547-702D-4ED3-B6A8-6C009C07CAAF}.Release|Any CPU.ActiveCfg = Release|Any CPU
		{F0A8C547-702D-4ED3-B6A8-6C009C07CAAF}.Release|Any CPU.Build.0 = Release|Any CPU
		{F0A8C547-702D-4ED3-B6A8-6C009C07CAAF}.Release|ARM.ActiveCfg = Release|Any CPU
		{F0A8C547-702D-4ED3-B6A8-6C009C07CAAF}.Release|ARM.Build.0 = Release|Any CPU
		{F0A8C547-702D-4ED3-B6A8-6C009C07CAAF}.Release|iPhone.ActiveCfg = Release|Any CPU
		{F0A8C547-702D-4ED3-B6A8-6C009C07CAAF}.Release|iPhone.Build.0 = Release|Any CPU
		{F0A8C547-702D-4ED3-B6A8-6C009C07CAAF}.Release|iPhoneSimulator.ActiveCfg = Release|Any CPU
		{F0A8C547-702D-4ED3-B6A8-6C009C07CAAF}.Release|iPhoneSimulator.Build.0 = Release|Any CPU
		{F0A8C547-702D-4ED3-B6A8-6C009C07CAAF}.Release|x64.ActiveCfg = Release|Any CPU
		{F0A8C547-702D-4ED3-B6A8-6C009C07CAAF}.Release|x64.Build.0 = Release|Any CPU
		{F0A8C547-702D-4ED3-B6A8-6C009C07CAAF}.Release|x86.ActiveCfg = Release|Any CPU
		{F0A8C547-702D-4ED3-B6A8-6C009C07CAAF}.Release|x86.Build.0 = Release|Any CPU
		{E0828796-8B00-4104-A982-01206416F037}.Ad-Hoc|Any CPU.ActiveCfg = Release|Any CPU
		{E0828796-8B00-4104-A982-01206416F037}.Ad-Hoc|Any CPU.Build.0 = Release|Any CPU
		{E0828796-8B00-4104-A982-01206416F037}.Ad-Hoc|ARM.ActiveCfg = Release|Any CPU
		{E0828796-8B00-4104-A982-01206416F037}.Ad-Hoc|ARM.Build.0 = Release|Any CPU
		{E0828796-8B00-4104-A982-01206416F037}.Ad-Hoc|iPhone.ActiveCfg = Release|Any CPU
		{E0828796-8B00-4104-A982-01206416F037}.Ad-Hoc|iPhone.Build.0 = Release|Any CPU
		{E0828796-8B00-4104-A982-01206416F037}.Ad-Hoc|iPhoneSimulator.ActiveCfg = Release|Any CPU
		{E0828796-8B00-4104-A982-01206416F037}.Ad-Hoc|iPhoneSimulator.Build.0 = Release|Any CPU
		{E0828796-8B00-4104-A982-01206416F037}.Ad-Hoc|x64.ActiveCfg = Release|Any CPU
		{E0828796-8B00-4104-A982-01206416F037}.Ad-Hoc|x64.Build.0 = Release|Any CPU
		{E0828796-8B00-4104-A982-01206416F037}.Ad-Hoc|x86.ActiveCfg = Release|Any CPU
		{E0828796-8B00-4104-A982-01206416F037}.Ad-Hoc|x86.Build.0 = Release|Any CPU
		{E0828796-8B00-4104-A982-01206416F037}.AppStore|Any CPU.ActiveCfg = Release|Any CPU
		{E0828796-8B00-4104-A982-01206416F037}.AppStore|Any CPU.Build.0 = Release|Any CPU
		{E0828796-8B00-4104-A982-01206416F037}.AppStore|ARM.ActiveCfg = Release|Any CPU
		{E0828796-8B00-4104-A982-01206416F037}.AppStore|ARM.Build.0 = Release|Any CPU
		{E0828796-8B00-4104-A982-01206416F037}.AppStore|iPhone.ActiveCfg = Release|Any CPU
		{E0828796-8B00-4104-A982-01206416F037}.AppStore|iPhone.Build.0 = Release|Any CPU
		{E0828796-8B00-4104-A982-01206416F037}.AppStore|iPhoneSimulator.ActiveCfg = Release|Any CPU
		{E0828796-8B00-4104-A982-01206416F037}.AppStore|iPhoneSimulator.Build.0 = Release|Any CPU
		{E0828796-8B00-4104-A982-01206416F037}.AppStore|x64.ActiveCfg = Release|Any CPU
		{E0828796-8B00-4104-A982-01206416F037}.AppStore|x64.Build.0 = Release|Any CPU
		{E0828796-8B00-4104-A982-01206416F037}.AppStore|x86.ActiveCfg = Release|Any CPU
		{E0828796-8B00-4104-A982-01206416F037}.AppStore|x86.Build.0 = Release|Any CPU
		{E0828796-8B00-4104-A982-01206416F037}.Debug|Any CPU.ActiveCfg = Debug|Any CPU
		{E0828796-8B00-4104-A982-01206416F037}.Debug|Any CPU.Build.0 = Debug|Any CPU
		{E0828796-8B00-4104-A982-01206416F037}.Debug|ARM.ActiveCfg = Debug|Any CPU
		{E0828796-8B00-4104-A982-01206416F037}.Debug|ARM.Build.0 = Debug|Any CPU
		{E0828796-8B00-4104-A982-01206416F037}.Debug|iPhone.ActiveCfg = Debug|Any CPU
		{E0828796-8B00-4104-A982-01206416F037}.Debug|iPhone.Build.0 = Debug|Any CPU
		{E0828796-8B00-4104-A982-01206416F037}.Debug|iPhoneSimulator.ActiveCfg = Debug|Any CPU
		{E0828796-8B00-4104-A982-01206416F037}.Debug|iPhoneSimulator.Build.0 = Debug|Any CPU
		{E0828796-8B00-4104-A982-01206416F037}.Debug|x64.ActiveCfg = Debug|Any CPU
		{E0828796-8B00-4104-A982-01206416F037}.Debug|x64.Build.0 = Debug|Any CPU
		{E0828796-8B00-4104-A982-01206416F037}.Debug|x86.ActiveCfg = Debug|Any CPU
		{E0828796-8B00-4104-A982-01206416F037}.Debug|x86.Build.0 = Debug|Any CPU
		{E0828796-8B00-4104-A982-01206416F037}.Release|Any CPU.ActiveCfg = Release|Any CPU
		{E0828796-8B00-4104-A982-01206416F037}.Release|Any CPU.Build.0 = Release|Any CPU
		{E0828796-8B00-4104-A982-01206416F037}.Release|ARM.ActiveCfg = Release|Any CPU
		{E0828796-8B00-4104-A982-01206416F037}.Release|ARM.Build.0 = Release|Any CPU
		{E0828796-8B00-4104-A982-01206416F037}.Release|iPhone.ActiveCfg = Release|Any CPU
		{E0828796-8B00-4104-A982-01206416F037}.Release|iPhone.Build.0 = Release|Any CPU
		{E0828796-8B00-4104-A982-01206416F037}.Release|iPhoneSimulator.ActiveCfg = Release|Any CPU
		{E0828796-8B00-4104-A982-01206416F037}.Release|iPhoneSimulator.Build.0 = Release|Any CPU
		{E0828796-8B00-4104-A982-01206416F037}.Release|x64.ActiveCfg = Release|Any CPU
		{E0828796-8B00-4104-A982-01206416F037}.Release|x64.Build.0 = Release|Any CPU
		{E0828796-8B00-4104-A982-01206416F037}.Release|x86.ActiveCfg = Release|Any CPU
		{E0828796-8B00-4104-A982-01206416F037}.Release|x86.Build.0 = Release|Any CPU
		{6E1FBD24-36C6-4FD0-85D8-B19FE45BE7E2}.Ad-Hoc|Any CPU.ActiveCfg = Release|Any CPU
		{6E1FBD24-36C6-4FD0-85D8-B19FE45BE7E2}.Ad-Hoc|Any CPU.Build.0 = Release|Any CPU
		{6E1FBD24-36C6-4FD0-85D8-B19FE45BE7E2}.Ad-Hoc|Any CPU.Deploy.0 = Release|Any CPU
		{6E1FBD24-36C6-4FD0-85D8-B19FE45BE7E2}.Ad-Hoc|ARM.ActiveCfg = Release|Any CPU
		{6E1FBD24-36C6-4FD0-85D8-B19FE45BE7E2}.Ad-Hoc|ARM.Build.0 = Release|Any CPU
		{6E1FBD24-36C6-4FD0-85D8-B19FE45BE7E2}.Ad-Hoc|ARM.Deploy.0 = Release|Any CPU
		{6E1FBD24-36C6-4FD0-85D8-B19FE45BE7E2}.Ad-Hoc|iPhone.ActiveCfg = Release|Any CPU
		{6E1FBD24-36C6-4FD0-85D8-B19FE45BE7E2}.Ad-Hoc|iPhone.Build.0 = Release|Any CPU
		{6E1FBD24-36C6-4FD0-85D8-B19FE45BE7E2}.Ad-Hoc|iPhone.Deploy.0 = Release|Any CPU
		{6E1FBD24-36C6-4FD0-85D8-B19FE45BE7E2}.Ad-Hoc|iPhoneSimulator.ActiveCfg = Release|Any CPU
		{6E1FBD24-36C6-4FD0-85D8-B19FE45BE7E2}.Ad-Hoc|iPhoneSimulator.Build.0 = Release|Any CPU
		{6E1FBD24-36C6-4FD0-85D8-B19FE45BE7E2}.Ad-Hoc|iPhoneSimulator.Deploy.0 = Release|Any CPU
		{6E1FBD24-36C6-4FD0-85D8-B19FE45BE7E2}.Ad-Hoc|x64.ActiveCfg = Release|Any CPU
		{6E1FBD24-36C6-4FD0-85D8-B19FE45BE7E2}.Ad-Hoc|x64.Build.0 = Release|Any CPU
		{6E1FBD24-36C6-4FD0-85D8-B19FE45BE7E2}.Ad-Hoc|x64.Deploy.0 = Release|Any CPU
		{6E1FBD24-36C6-4FD0-85D8-B19FE45BE7E2}.Ad-Hoc|x86.ActiveCfg = Release|Any CPU
		{6E1FBD24-36C6-4FD0-85D8-B19FE45BE7E2}.Ad-Hoc|x86.Build.0 = Release|Any CPU
		{6E1FBD24-36C6-4FD0-85D8-B19FE45BE7E2}.Ad-Hoc|x86.Deploy.0 = Release|Any CPU
		{6E1FBD24-36C6-4FD0-85D8-B19FE45BE7E2}.AppStore|Any CPU.ActiveCfg = Release|Any CPU
		{6E1FBD24-36C6-4FD0-85D8-B19FE45BE7E2}.AppStore|Any CPU.Build.0 = Release|Any CPU
		{6E1FBD24-36C6-4FD0-85D8-B19FE45BE7E2}.AppStore|Any CPU.Deploy.0 = Release|Any CPU
		{6E1FBD24-36C6-4FD0-85D8-B19FE45BE7E2}.AppStore|ARM.ActiveCfg = Release|Any CPU
		{6E1FBD24-36C6-4FD0-85D8-B19FE45BE7E2}.AppStore|ARM.Build.0 = Release|Any CPU
		{6E1FBD24-36C6-4FD0-85D8-B19FE45BE7E2}.AppStore|ARM.Deploy.0 = Release|Any CPU
		{6E1FBD24-36C6-4FD0-85D8-B19FE45BE7E2}.AppStore|iPhone.ActiveCfg = Release|Any CPU
		{6E1FBD24-36C6-4FD0-85D8-B19FE45BE7E2}.AppStore|iPhone.Build.0 = Release|Any CPU
		{6E1FBD24-36C6-4FD0-85D8-B19FE45BE7E2}.AppStore|iPhone.Deploy.0 = Release|Any CPU
		{6E1FBD24-36C6-4FD0-85D8-B19FE45BE7E2}.AppStore|iPhoneSimulator.ActiveCfg = Release|Any CPU
		{6E1FBD24-36C6-4FD0-85D8-B19FE45BE7E2}.AppStore|iPhoneSimulator.Build.0 = Release|Any CPU
		{6E1FBD24-36C6-4FD0-85D8-B19FE45BE7E2}.AppStore|iPhoneSimulator.Deploy.0 = Release|Any CPU
		{6E1FBD24-36C6-4FD0-85D8-B19FE45BE7E2}.AppStore|x64.ActiveCfg = Release|Any CPU
		{6E1FBD24-36C6-4FD0-85D8-B19FE45BE7E2}.AppStore|x64.Build.0 = Release|Any CPU
		{6E1FBD24-36C6-4FD0-85D8-B19FE45BE7E2}.AppStore|x64.Deploy.0 = Release|Any CPU
		{6E1FBD24-36C6-4FD0-85D8-B19FE45BE7E2}.AppStore|x86.ActiveCfg = Release|Any CPU
		{6E1FBD24-36C6-4FD0-85D8-B19FE45BE7E2}.AppStore|x86.Build.0 = Release|Any CPU
		{6E1FBD24-36C6-4FD0-85D8-B19FE45BE7E2}.AppStore|x86.Deploy.0 = Release|Any CPU
		{6E1FBD24-36C6-4FD0-85D8-B19FE45BE7E2}.Debug|Any CPU.ActiveCfg = Debug|Any CPU
		{6E1FBD24-36C6-4FD0-85D8-B19FE45BE7E2}.Debug|Any CPU.Build.0 = Debug|Any CPU
		{6E1FBD24-36C6-4FD0-85D8-B19FE45BE7E2}.Debug|Any CPU.Deploy.0 = Debug|Any CPU
		{6E1FBD24-36C6-4FD0-85D8-B19FE45BE7E2}.Debug|ARM.ActiveCfg = Debug|Any CPU
		{6E1FBD24-36C6-4FD0-85D8-B19FE45BE7E2}.Debug|ARM.Build.0 = Debug|Any CPU
		{6E1FBD24-36C6-4FD0-85D8-B19FE45BE7E2}.Debug|ARM.Deploy.0 = Debug|Any CPU
		{6E1FBD24-36C6-4FD0-85D8-B19FE45BE7E2}.Debug|iPhone.ActiveCfg = Debug|Any CPU
		{6E1FBD24-36C6-4FD0-85D8-B19FE45BE7E2}.Debug|iPhone.Build.0 = Debug|Any CPU
		{6E1FBD24-36C6-4FD0-85D8-B19FE45BE7E2}.Debug|iPhone.Deploy.0 = Debug|Any CPU
		{6E1FBD24-36C6-4FD0-85D8-B19FE45BE7E2}.Debug|iPhoneSimulator.ActiveCfg = Debug|Any CPU
		{6E1FBD24-36C6-4FD0-85D8-B19FE45BE7E2}.Debug|iPhoneSimulator.Build.0 = Debug|Any CPU
		{6E1FBD24-36C6-4FD0-85D8-B19FE45BE7E2}.Debug|iPhoneSimulator.Deploy.0 = Debug|Any CPU
		{6E1FBD24-36C6-4FD0-85D8-B19FE45BE7E2}.Debug|x64.ActiveCfg = Debug|Any CPU
		{6E1FBD24-36C6-4FD0-85D8-B19FE45BE7E2}.Debug|x64.Build.0 = Debug|Any CPU
		{6E1FBD24-36C6-4FD0-85D8-B19FE45BE7E2}.Debug|x64.Deploy.0 = Debug|Any CPU
		{6E1FBD24-36C6-4FD0-85D8-B19FE45BE7E2}.Debug|x86.ActiveCfg = Debug|Any CPU
		{6E1FBD24-36C6-4FD0-85D8-B19FE45BE7E2}.Debug|x86.Build.0 = Debug|Any CPU
		{6E1FBD24-36C6-4FD0-85D8-B19FE45BE7E2}.Debug|x86.Deploy.0 = Debug|Any CPU
		{6E1FBD24-36C6-4FD0-85D8-B19FE45BE7E2}.Release|Any CPU.ActiveCfg = Release|Any CPU
		{6E1FBD24-36C6-4FD0-85D8-B19FE45BE7E2}.Release|Any CPU.Build.0 = Release|Any CPU
		{6E1FBD24-36C6-4FD0-85D8-B19FE45BE7E2}.Release|Any CPU.Deploy.0 = Release|Any CPU
		{6E1FBD24-36C6-4FD0-85D8-B19FE45BE7E2}.Release|ARM.ActiveCfg = Release|Any CPU
		{6E1FBD24-36C6-4FD0-85D8-B19FE45BE7E2}.Release|ARM.Build.0 = Release|Any CPU
		{6E1FBD24-36C6-4FD0-85D8-B19FE45BE7E2}.Release|ARM.Deploy.0 = Release|Any CPU
		{6E1FBD24-36C6-4FD0-85D8-B19FE45BE7E2}.Release|iPhone.ActiveCfg = Release|Any CPU
		{6E1FBD24-36C6-4FD0-85D8-B19FE45BE7E2}.Release|iPhone.Build.0 = Release|Any CPU
		{6E1FBD24-36C6-4FD0-85D8-B19FE45BE7E2}.Release|iPhone.Deploy.0 = Release|Any CPU
		{6E1FBD24-36C6-4FD0-85D8-B19FE45BE7E2}.Release|iPhoneSimulator.ActiveCfg = Release|Any CPU
		{6E1FBD24-36C6-4FD0-85D8-B19FE45BE7E2}.Release|iPhoneSimulator.Build.0 = Release|Any CPU
		{6E1FBD24-36C6-4FD0-85D8-B19FE45BE7E2}.Release|iPhoneSimulator.Deploy.0 = Release|Any CPU
		{6E1FBD24-36C6-4FD0-85D8-B19FE45BE7E2}.Release|x64.ActiveCfg = Release|Any CPU
		{6E1FBD24-36C6-4FD0-85D8-B19FE45BE7E2}.Release|x64.Build.0 = Release|Any CPU
		{6E1FBD24-36C6-4FD0-85D8-B19FE45BE7E2}.Release|x64.Deploy.0 = Release|Any CPU
		{6E1FBD24-36C6-4FD0-85D8-B19FE45BE7E2}.Release|x86.ActiveCfg = Release|Any CPU
		{6E1FBD24-36C6-4FD0-85D8-B19FE45BE7E2}.Release|x86.Build.0 = Release|Any CPU
		{6E1FBD24-36C6-4FD0-85D8-B19FE45BE7E2}.Release|x86.Deploy.0 = Release|Any CPU
		{CCB5489B-BE0C-4D85-A854-9DEF2160F77F}.Ad-Hoc|Any CPU.ActiveCfg = Release|Any CPU
		{CCB5489B-BE0C-4D85-A854-9DEF2160F77F}.Ad-Hoc|Any CPU.Build.0 = Release|Any CPU
		{CCB5489B-BE0C-4D85-A854-9DEF2160F77F}.Ad-Hoc|Any CPU.Deploy.0 = Release|Any CPU
		{CCB5489B-BE0C-4D85-A854-9DEF2160F77F}.Ad-Hoc|ARM.ActiveCfg = Release|Any CPU
		{CCB5489B-BE0C-4D85-A854-9DEF2160F77F}.Ad-Hoc|ARM.Build.0 = Release|Any CPU
		{CCB5489B-BE0C-4D85-A854-9DEF2160F77F}.Ad-Hoc|ARM.Deploy.0 = Release|Any CPU
		{CCB5489B-BE0C-4D85-A854-9DEF2160F77F}.Ad-Hoc|iPhone.ActiveCfg = Release|Any CPU
		{CCB5489B-BE0C-4D85-A854-9DEF2160F77F}.Ad-Hoc|iPhone.Build.0 = Release|Any CPU
		{CCB5489B-BE0C-4D85-A854-9DEF2160F77F}.Ad-Hoc|iPhone.Deploy.0 = Release|Any CPU
		{CCB5489B-BE0C-4D85-A854-9DEF2160F77F}.Ad-Hoc|iPhoneSimulator.ActiveCfg = Release|Any CPU
		{CCB5489B-BE0C-4D85-A854-9DEF2160F77F}.Ad-Hoc|iPhoneSimulator.Build.0 = Release|Any CPU
		{CCB5489B-BE0C-4D85-A854-9DEF2160F77F}.Ad-Hoc|iPhoneSimulator.Deploy.0 = Release|Any CPU
		{CCB5489B-BE0C-4D85-A854-9DEF2160F77F}.Ad-Hoc|x64.ActiveCfg = Release|Any CPU
		{CCB5489B-BE0C-4D85-A854-9DEF2160F77F}.Ad-Hoc|x64.Build.0 = Release|Any CPU
		{CCB5489B-BE0C-4D85-A854-9DEF2160F77F}.Ad-Hoc|x64.Deploy.0 = Release|Any CPU
		{CCB5489B-BE0C-4D85-A854-9DEF2160F77F}.Ad-Hoc|x86.ActiveCfg = Release|Any CPU
		{CCB5489B-BE0C-4D85-A854-9DEF2160F77F}.Ad-Hoc|x86.Build.0 = Release|Any CPU
		{CCB5489B-BE0C-4D85-A854-9DEF2160F77F}.Ad-Hoc|x86.Deploy.0 = Release|Any CPU
		{CCB5489B-BE0C-4D85-A854-9DEF2160F77F}.AppStore|Any CPU.ActiveCfg = Release|Any CPU
		{CCB5489B-BE0C-4D85-A854-9DEF2160F77F}.AppStore|Any CPU.Build.0 = Release|Any CPU
		{CCB5489B-BE0C-4D85-A854-9DEF2160F77F}.AppStore|Any CPU.Deploy.0 = Release|Any CPU
		{CCB5489B-BE0C-4D85-A854-9DEF2160F77F}.AppStore|ARM.ActiveCfg = Release|Any CPU
		{CCB5489B-BE0C-4D85-A854-9DEF2160F77F}.AppStore|ARM.Build.0 = Release|Any CPU
		{CCB5489B-BE0C-4D85-A854-9DEF2160F77F}.AppStore|ARM.Deploy.0 = Release|Any CPU
		{CCB5489B-BE0C-4D85-A854-9DEF2160F77F}.AppStore|iPhone.ActiveCfg = Release|Any CPU
		{CCB5489B-BE0C-4D85-A854-9DEF2160F77F}.AppStore|iPhone.Build.0 = Release|Any CPU
		{CCB5489B-BE0C-4D85-A854-9DEF2160F77F}.AppStore|iPhone.Deploy.0 = Release|Any CPU
		{CCB5489B-BE0C-4D85-A854-9DEF2160F77F}.AppStore|iPhoneSimulator.ActiveCfg = Release|Any CPU
		{CCB5489B-BE0C-4D85-A854-9DEF2160F77F}.AppStore|iPhoneSimulator.Build.0 = Release|Any CPU
		{CCB5489B-BE0C-4D85-A854-9DEF2160F77F}.AppStore|iPhoneSimulator.Deploy.0 = Release|Any CPU
		{CCB5489B-BE0C-4D85-A854-9DEF2160F77F}.AppStore|x64.ActiveCfg = Release|Any CPU
		{CCB5489B-BE0C-4D85-A854-9DEF2160F77F}.AppStore|x64.Build.0 = Release|Any CPU
		{CCB5489B-BE0C-4D85-A854-9DEF2160F77F}.AppStore|x64.Deploy.0 = Release|Any CPU
		{CCB5489B-BE0C-4D85-A854-9DEF2160F77F}.AppStore|x86.ActiveCfg = Release|Any CPU
		{CCB5489B-BE0C-4D85-A854-9DEF2160F77F}.AppStore|x86.Build.0 = Release|Any CPU
		{CCB5489B-BE0C-4D85-A854-9DEF2160F77F}.AppStore|x86.Deploy.0 = Release|Any CPU
		{CCB5489B-BE0C-4D85-A854-9DEF2160F77F}.Debug|Any CPU.ActiveCfg = Debug|Any CPU
		{CCB5489B-BE0C-4D85-A854-9DEF2160F77F}.Debug|Any CPU.Build.0 = Debug|Any CPU
		{CCB5489B-BE0C-4D85-A854-9DEF2160F77F}.Debug|Any CPU.Deploy.0 = Debug|Any CPU
		{CCB5489B-BE0C-4D85-A854-9DEF2160F77F}.Debug|ARM.ActiveCfg = Debug|Any CPU
		{CCB5489B-BE0C-4D85-A854-9DEF2160F77F}.Debug|ARM.Build.0 = Debug|Any CPU
		{CCB5489B-BE0C-4D85-A854-9DEF2160F77F}.Debug|ARM.Deploy.0 = Debug|Any CPU
		{CCB5489B-BE0C-4D85-A854-9DEF2160F77F}.Debug|iPhone.ActiveCfg = Debug|Any CPU
		{CCB5489B-BE0C-4D85-A854-9DEF2160F77F}.Debug|iPhone.Build.0 = Debug|Any CPU
		{CCB5489B-BE0C-4D85-A854-9DEF2160F77F}.Debug|iPhone.Deploy.0 = Debug|Any CPU
		{CCB5489B-BE0C-4D85-A854-9DEF2160F77F}.Debug|iPhoneSimulator.ActiveCfg = Debug|Any CPU
		{CCB5489B-BE0C-4D85-A854-9DEF2160F77F}.Debug|iPhoneSimulator.Build.0 = Debug|Any CPU
		{CCB5489B-BE0C-4D85-A854-9DEF2160F77F}.Debug|iPhoneSimulator.Deploy.0 = Debug|Any CPU
		{CCB5489B-BE0C-4D85-A854-9DEF2160F77F}.Debug|x64.ActiveCfg = Debug|Any CPU
		{CCB5489B-BE0C-4D85-A854-9DEF2160F77F}.Debug|x64.Build.0 = Debug|Any CPU
		{CCB5489B-BE0C-4D85-A854-9DEF2160F77F}.Debug|x64.Deploy.0 = Debug|Any CPU
		{CCB5489B-BE0C-4D85-A854-9DEF2160F77F}.Debug|x86.ActiveCfg = Debug|Any CPU
		{CCB5489B-BE0C-4D85-A854-9DEF2160F77F}.Debug|x86.Build.0 = Debug|Any CPU
		{CCB5489B-BE0C-4D85-A854-9DEF2160F77F}.Debug|x86.Deploy.0 = Debug|Any CPU
		{CCB5489B-BE0C-4D85-A854-9DEF2160F77F}.Release|Any CPU.ActiveCfg = Release|Any CPU
		{CCB5489B-BE0C-4D85-A854-9DEF2160F77F}.Release|Any CPU.Build.0 = Release|Any CPU
		{CCB5489B-BE0C-4D85-A854-9DEF2160F77F}.Release|Any CPU.Deploy.0 = Release|Any CPU
		{CCB5489B-BE0C-4D85-A854-9DEF2160F77F}.Release|ARM.ActiveCfg = Release|Any CPU
		{CCB5489B-BE0C-4D85-A854-9DEF2160F77F}.Release|ARM.Build.0 = Release|Any CPU
		{CCB5489B-BE0C-4D85-A854-9DEF2160F77F}.Release|ARM.Deploy.0 = Release|Any CPU
		{CCB5489B-BE0C-4D85-A854-9DEF2160F77F}.Release|iPhone.ActiveCfg = Release|Any CPU
		{CCB5489B-BE0C-4D85-A854-9DEF2160F77F}.Release|iPhone.Build.0 = Release|Any CPU
		{CCB5489B-BE0C-4D85-A854-9DEF2160F77F}.Release|iPhone.Deploy.0 = Release|Any CPU
		{CCB5489B-BE0C-4D85-A854-9DEF2160F77F}.Release|iPhoneSimulator.ActiveCfg = Release|Any CPU
		{CCB5489B-BE0C-4D85-A854-9DEF2160F77F}.Release|iPhoneSimulator.Build.0 = Release|Any CPU
		{CCB5489B-BE0C-4D85-A854-9DEF2160F77F}.Release|iPhoneSimulator.Deploy.0 = Release|Any CPU
		{CCB5489B-BE0C-4D85-A854-9DEF2160F77F}.Release|x64.ActiveCfg = Release|Any CPU
		{CCB5489B-BE0C-4D85-A854-9DEF2160F77F}.Release|x64.Build.0 = Release|Any CPU
		{CCB5489B-BE0C-4D85-A854-9DEF2160F77F}.Release|x64.Deploy.0 = Release|Any CPU
		{CCB5489B-BE0C-4D85-A854-9DEF2160F77F}.Release|x86.ActiveCfg = Release|Any CPU
		{CCB5489B-BE0C-4D85-A854-9DEF2160F77F}.Release|x86.Build.0 = Release|Any CPU
		{CCB5489B-BE0C-4D85-A854-9DEF2160F77F}.Release|x86.Deploy.0 = Release|Any CPU
		{15E6BFA0-357C-4314-BA9E-DC3B9E671630}.Ad-Hoc|Any CPU.ActiveCfg = Ad-Hoc|iPhone
		{15E6BFA0-357C-4314-BA9E-DC3B9E671630}.Ad-Hoc|ARM.ActiveCfg = Ad-Hoc|iPhone
		{15E6BFA0-357C-4314-BA9E-DC3B9E671630}.Ad-Hoc|iPhone.ActiveCfg = Ad-Hoc|iPhone
		{15E6BFA0-357C-4314-BA9E-DC3B9E671630}.Ad-Hoc|iPhone.Build.0 = Ad-Hoc|iPhone
		{15E6BFA0-357C-4314-BA9E-DC3B9E671630}.Ad-Hoc|iPhoneSimulator.ActiveCfg = Ad-Hoc|iPhoneSimulator
		{15E6BFA0-357C-4314-BA9E-DC3B9E671630}.Ad-Hoc|iPhoneSimulator.Build.0 = Ad-Hoc|iPhoneSimulator
		{15E6BFA0-357C-4314-BA9E-DC3B9E671630}.Ad-Hoc|x64.ActiveCfg = Ad-Hoc|iPhone
		{15E6BFA0-357C-4314-BA9E-DC3B9E671630}.Ad-Hoc|x86.ActiveCfg = Ad-Hoc|iPhone
		{15E6BFA0-357C-4314-BA9E-DC3B9E671630}.AppStore|Any CPU.ActiveCfg = AppStore|iPhone
		{15E6BFA0-357C-4314-BA9E-DC3B9E671630}.AppStore|ARM.ActiveCfg = AppStore|iPhone
		{15E6BFA0-357C-4314-BA9E-DC3B9E671630}.AppStore|iPhone.ActiveCfg = AppStore|iPhone
		{15E6BFA0-357C-4314-BA9E-DC3B9E671630}.AppStore|iPhone.Build.0 = AppStore|iPhone
		{15E6BFA0-357C-4314-BA9E-DC3B9E671630}.AppStore|iPhoneSimulator.ActiveCfg = AppStore|iPhoneSimulator
		{15E6BFA0-357C-4314-BA9E-DC3B9E671630}.AppStore|iPhoneSimulator.Build.0 = AppStore|iPhoneSimulator
		{15E6BFA0-357C-4314-BA9E-DC3B9E671630}.AppStore|x64.ActiveCfg = AppStore|iPhone
		{15E6BFA0-357C-4314-BA9E-DC3B9E671630}.AppStore|x86.ActiveCfg = AppStore|iPhone
		{15E6BFA0-357C-4314-BA9E-DC3B9E671630}.Debug|Any CPU.ActiveCfg = Debug|iPhone
		{15E6BFA0-357C-4314-BA9E-DC3B9E671630}.Debug|ARM.ActiveCfg = Debug|iPhone
		{15E6BFA0-357C-4314-BA9E-DC3B9E671630}.Debug|iPhone.ActiveCfg = Debug|iPhone
		{15E6BFA0-357C-4314-BA9E-DC3B9E671630}.Debug|iPhone.Build.0 = Debug|iPhone
		{15E6BFA0-357C-4314-BA9E-DC3B9E671630}.Debug|iPhoneSimulator.ActiveCfg = Debug|iPhoneSimulator
		{15E6BFA0-357C-4314-BA9E-DC3B9E671630}.Debug|iPhoneSimulator.Build.0 = Debug|iPhoneSimulator
		{15E6BFA0-357C-4314-BA9E-DC3B9E671630}.Debug|x64.ActiveCfg = Debug|iPhone
		{15E6BFA0-357C-4314-BA9E-DC3B9E671630}.Debug|x86.ActiveCfg = Debug|iPhone
		{15E6BFA0-357C-4314-BA9E-DC3B9E671630}.Release|Any CPU.ActiveCfg = Release|iPhone
		{15E6BFA0-357C-4314-BA9E-DC3B9E671630}.Release|ARM.ActiveCfg = Release|iPhone
		{15E6BFA0-357C-4314-BA9E-DC3B9E671630}.Release|iPhone.ActiveCfg = Release|iPhone
		{15E6BFA0-357C-4314-BA9E-DC3B9E671630}.Release|iPhone.Build.0 = Release|iPhone
		{15E6BFA0-357C-4314-BA9E-DC3B9E671630}.Release|iPhoneSimulator.ActiveCfg = Release|iPhoneSimulator
		{15E6BFA0-357C-4314-BA9E-DC3B9E671630}.Release|iPhoneSimulator.Build.0 = Release|iPhoneSimulator
		{15E6BFA0-357C-4314-BA9E-DC3B9E671630}.Release|x64.ActiveCfg = Release|iPhone
		{15E6BFA0-357C-4314-BA9E-DC3B9E671630}.Release|x86.ActiveCfg = Release|iPhone
		{0D0BCCB9-F543-4A65-898E-9C1A187AB9FA}.Ad-Hoc|Any CPU.ActiveCfg = Release|x86
		{0D0BCCB9-F543-4A65-898E-9C1A187AB9FA}.Ad-Hoc|Any CPU.Build.0 = Release|x86
		{0D0BCCB9-F543-4A65-898E-9C1A187AB9FA}.Ad-Hoc|Any CPU.Deploy.0 = Release|x86
		{0D0BCCB9-F543-4A65-898E-9C1A187AB9FA}.Ad-Hoc|ARM.ActiveCfg = Release|ARM
		{0D0BCCB9-F543-4A65-898E-9C1A187AB9FA}.Ad-Hoc|ARM.Build.0 = Release|ARM
		{0D0BCCB9-F543-4A65-898E-9C1A187AB9FA}.Ad-Hoc|ARM.Deploy.0 = Release|ARM
		{0D0BCCB9-F543-4A65-898E-9C1A187AB9FA}.Ad-Hoc|iPhone.ActiveCfg = Release|x86
		{0D0BCCB9-F543-4A65-898E-9C1A187AB9FA}.Ad-Hoc|iPhone.Build.0 = Release|x86
		{0D0BCCB9-F543-4A65-898E-9C1A187AB9FA}.Ad-Hoc|iPhone.Deploy.0 = Release|x86
		{0D0BCCB9-F543-4A65-898E-9C1A187AB9FA}.Ad-Hoc|iPhoneSimulator.ActiveCfg = Release|x86
		{0D0BCCB9-F543-4A65-898E-9C1A187AB9FA}.Ad-Hoc|iPhoneSimulator.Build.0 = Release|x86
		{0D0BCCB9-F543-4A65-898E-9C1A187AB9FA}.Ad-Hoc|iPhoneSimulator.Deploy.0 = Release|x86
		{0D0BCCB9-F543-4A65-898E-9C1A187AB9FA}.Ad-Hoc|x64.ActiveCfg = Release|x64
		{0D0BCCB9-F543-4A65-898E-9C1A187AB9FA}.Ad-Hoc|x64.Build.0 = Release|x64
		{0D0BCCB9-F543-4A65-898E-9C1A187AB9FA}.Ad-Hoc|x64.Deploy.0 = Release|x64
		{0D0BCCB9-F543-4A65-898E-9C1A187AB9FA}.Ad-Hoc|x86.ActiveCfg = Release|x86
		{0D0BCCB9-F543-4A65-898E-9C1A187AB9FA}.Ad-Hoc|x86.Build.0 = Release|x86
		{0D0BCCB9-F543-4A65-898E-9C1A187AB9FA}.Ad-Hoc|x86.Deploy.0 = Release|x86
		{0D0BCCB9-F543-4A65-898E-9C1A187AB9FA}.AppStore|Any CPU.ActiveCfg = Release|x86
		{0D0BCCB9-F543-4A65-898E-9C1A187AB9FA}.AppStore|Any CPU.Build.0 = Release|x86
		{0D0BCCB9-F543-4A65-898E-9C1A187AB9FA}.AppStore|Any CPU.Deploy.0 = Release|x86
		{0D0BCCB9-F543-4A65-898E-9C1A187AB9FA}.AppStore|ARM.ActiveCfg = Release|ARM
		{0D0BCCB9-F543-4A65-898E-9C1A187AB9FA}.AppStore|ARM.Build.0 = Release|ARM
		{0D0BCCB9-F543-4A65-898E-9C1A187AB9FA}.AppStore|ARM.Deploy.0 = Release|ARM
		{0D0BCCB9-F543-4A65-898E-9C1A187AB9FA}.AppStore|iPhone.ActiveCfg = Release|x86
		{0D0BCCB9-F543-4A65-898E-9C1A187AB9FA}.AppStore|iPhone.Build.0 = Release|x86
		{0D0BCCB9-F543-4A65-898E-9C1A187AB9FA}.AppStore|iPhone.Deploy.0 = Release|x86
		{0D0BCCB9-F543-4A65-898E-9C1A187AB9FA}.AppStore|iPhoneSimulator.ActiveCfg = Release|x86
		{0D0BCCB9-F543-4A65-898E-9C1A187AB9FA}.AppStore|iPhoneSimulator.Build.0 = Release|x86
		{0D0BCCB9-F543-4A65-898E-9C1A187AB9FA}.AppStore|iPhoneSimulator.Deploy.0 = Release|x86
		{0D0BCCB9-F543-4A65-898E-9C1A187AB9FA}.AppStore|x64.ActiveCfg = Release|x64
		{0D0BCCB9-F543-4A65-898E-9C1A187AB9FA}.AppStore|x64.Build.0 = Release|x64
		{0D0BCCB9-F543-4A65-898E-9C1A187AB9FA}.AppStore|x64.Deploy.0 = Release|x64
		{0D0BCCB9-F543-4A65-898E-9C1A187AB9FA}.AppStore|x86.ActiveCfg = Release|x86
		{0D0BCCB9-F543-4A65-898E-9C1A187AB9FA}.AppStore|x86.Build.0 = Release|x86
		{0D0BCCB9-F543-4A65-898E-9C1A187AB9FA}.AppStore|x86.Deploy.0 = Release|x86
		{0D0BCCB9-F543-4A65-898E-9C1A187AB9FA}.Debug|Any CPU.ActiveCfg = Debug|x86
		{0D0BCCB9-F543-4A65-898E-9C1A187AB9FA}.Debug|ARM.ActiveCfg = Debug|ARM
		{0D0BCCB9-F543-4A65-898E-9C1A187AB9FA}.Debug|ARM.Build.0 = Debug|ARM
		{0D0BCCB9-F543-4A65-898E-9C1A187AB9FA}.Debug|ARM.Deploy.0 = Debug|ARM
		{0D0BCCB9-F543-4A65-898E-9C1A187AB9FA}.Debug|iPhone.ActiveCfg = Debug|x86
		{0D0BCCB9-F543-4A65-898E-9C1A187AB9FA}.Debug|iPhoneSimulator.ActiveCfg = Debug|x86
		{0D0BCCB9-F543-4A65-898E-9C1A187AB9FA}.Debug|x64.ActiveCfg = Debug|x64
		{0D0BCCB9-F543-4A65-898E-9C1A187AB9FA}.Debug|x64.Build.0 = Debug|x64
		{0D0BCCB9-F543-4A65-898E-9C1A187AB9FA}.Debug|x64.Deploy.0 = Debug|x64
		{0D0BCCB9-F543-4A65-898E-9C1A187AB9FA}.Debug|x86.ActiveCfg = Debug|x86
		{0D0BCCB9-F543-4A65-898E-9C1A187AB9FA}.Debug|x86.Build.0 = Debug|x86
		{0D0BCCB9-F543-4A65-898E-9C1A187AB9FA}.Debug|x86.Deploy.0 = Debug|x86
		{0D0BCCB9-F543-4A65-898E-9C1A187AB9FA}.Release|Any CPU.ActiveCfg = Release|x86
		{0D0BCCB9-F543-4A65-898E-9C1A187AB9FA}.Release|ARM.ActiveCfg = Release|ARM
		{0D0BCCB9-F543-4A65-898E-9C1A187AB9FA}.Release|ARM.Build.0 = Release|ARM
		{0D0BCCB9-F543-4A65-898E-9C1A187AB9FA}.Release|ARM.Deploy.0 = Release|ARM
		{0D0BCCB9-F543-4A65-898E-9C1A187AB9FA}.Release|iPhone.ActiveCfg = Release|x86
		{0D0BCCB9-F543-4A65-898E-9C1A187AB9FA}.Release|iPhoneSimulator.ActiveCfg = Release|x86
		{0D0BCCB9-F543-4A65-898E-9C1A187AB9FA}.Release|x64.ActiveCfg = Release|x64
		{0D0BCCB9-F543-4A65-898E-9C1A187AB9FA}.Release|x64.Build.0 = Release|x64
		{0D0BCCB9-F543-4A65-898E-9C1A187AB9FA}.Release|x64.Deploy.0 = Release|x64
		{0D0BCCB9-F543-4A65-898E-9C1A187AB9FA}.Release|x86.ActiveCfg = Release|x86
		{0D0BCCB9-F543-4A65-898E-9C1A187AB9FA}.Release|x86.Build.0 = Release|x86
		{0D0BCCB9-F543-4A65-898E-9C1A187AB9FA}.Release|x86.Deploy.0 = Release|x86
	EndGlobalSection
	GlobalSection(SolutionProperties) = preSolution
		HideSolutionNode = FALSE
	EndGlobalSection
EndGlobal
